
Microsoft Visual Studio Solution File, Format Version 12.00
Project("{FAE04EC0-301F-11D3-BF4B-00C04F79EFBC}") = "FinanceAPI", "FinanceAPI\FinanceAPI.csproj", "{9DE07138-92DF-4005-812D-5C81670FA059}"
EndProject
Global
	GlobalSection(SolutionConfigurationPlatforms) = preSolution
		Debug|Any CPU = Debug|Any CPU
		Release|Any CPU = Release|Any CPU
	EndGlobalSection
	GlobalSection(ProjectConfigurationPlatforms) = postSolution
		{9DE07138-92DF-4005-812D-5C81670FA059}.Debug|Any CPU.ActiveCfg = Debug|Any CPU
		{9DE07138-92DF-4005-812D-5C81670FA059}.Debug|Any CPU.Build.0 = Debug|Any CPU
		{9DE07138-92DF-4005-812D-5C81670FA059}.Release|Any CPU.ActiveCfg = Release|Any CPU
		{9DE07138-92DF-4005-812D-5C81670FA059}.Release|Any CPU.Build.0 = Release|Any CPU
	EndGlobalSection
EndGlobal
